// !$*UTF8*$!
{
	archiveVersion = 1;
	classes = {
	};
	objectVersion = 48;
	objects = {

/* Begin PBXBuildFile section */
		95029ECC1FBEDEE9004AEA54 /* Bundle+Extensions.swift in Sources */ = {isa = PBXBuildFile; fileRef = 95029ECB1FBEDEE9004AEA54 /* Bundle+Extensions.swift */; };
		95070F311FA1D4E300B26BD7 /* FileManager+Extension.swift in Sources */ = {isa = PBXBuildFile; fileRef = 95070F301FA1D4E300B26BD7 /* FileManager+Extension.swift */; };
		95070F431FA38F4800B26BD7 /* UITableView+Extension.swift in Sources */ = {isa = PBXBuildFile; fileRef = 95070F421FA38F4800B26BD7 /* UITableView+Extension.swift */; };
		950732701FB9C71200FFEE7B /* RootViewProtocol.swift in Sources */ = {isa = PBXBuildFile; fileRef = 9507326F1FB9C71200FFEE7B /* RootViewProtocol.swift */; };
		950732721FB9C7F200FFEE7B /* UINib+Extensions.swift in Sources */ = {isa = PBXBuildFile; fileRef = 950732711FB9C7F200FFEE7B /* UINib+Extensions.swift */; };
		950732751FBB6A0700FFEE7B /* FBResponseParser.swift in Sources */ = {isa = PBXBuildFile; fileRef = 950732741FBB6A0700FFEE7B /* FBResponseParser.swift */; };
		950C52721F9A6ACA00AD308C /* ModelCache.swift in Sources */ = {isa = PBXBuildFile; fileRef = 950C52711F9A6ACA00AD308C /* ModelCache.swift */; };
		950C52741F9A88F600AD308C /* FileManagerImageModel.swift in Sources */ = {isa = PBXBuildFile; fileRef = 950C52731F9A88F600AD308C /* FileManagerImageModel.swift */; };
		950C52761F9A895500AD308C /* InternetImageModel.swift in Sources */ = {isa = PBXBuildFile; fileRef = 950C52751F9A895500AD308C /* InternetImageModel.swift */; };
		950C52801F9B89C700AD308C /* ObservableObject.swift in Sources */ = {isa = PBXBuildFile; fileRef = 950C527C1F9B89C700AD308C /* ObservableObject.swift */; };
		950C52811F9B89C700AD308C /* GlobalFunctions.swift in Sources */ = {isa = PBXBuildFile; fileRef = 950C527D1F9B89C700AD308C /* GlobalFunctions.swift */; };
		950C78421F973FB200C040E9 /* ImageModel.swift in Sources */ = {isa = PBXBuildFile; fileRef = 950C78411F973FB200C040E9 /* ImageModel.swift */; };
		950F93581FB49205005CE4C6 /* FBTableViewCell.swift in Sources */ = {isa = PBXBuildFile; fileRef = 950F93561FB49205005CE4C6 /* FBTableViewCell.swift */; };
		950F93591FB49205005CE4C6 /* FBTableViewCell.xib in Resources */ = {isa = PBXBuildFile; fileRef = 950F93571FB49205005CE4C6 /* FBTableViewCell.xib */; };
		950F935B1FB4EE22005CE4C6 /* GetContext.swift in Sources */ = {isa = PBXBuildFile; fileRef = 950F935A1FB4EE22005CE4C6 /* GetContext.swift */; };
		950F935D1FB4EE8F005CE4C6 /* GetUserContext.swift in Sources */ = {isa = PBXBuildFile; fileRef = 950F935C1FB4EE8F005CE4C6 /* GetUserContext.swift */; };
		950F935F1FB4EEB7005CE4C6 /* GetUsersContext.swift in Sources */ = {isa = PBXBuildFile; fileRef = 950F935E1FB4EEB7005CE4C6 /* GetUsersContext.swift */; };
		950F93611FB4EF64005CE4C6 /* FBLoginContext.swift in Sources */ = {isa = PBXBuildFile; fileRef = 950F93601FB4EF64005CE4C6 /* FBLoginContext.swift */; };
		950F93631FB4EFB9005CE4C6 /* FBLogoutContext.swift in Sources */ = {isa = PBXBuildFile; fileRef = 950F93621FB4EFB9005CE4C6 /* FBLogoutContext.swift */; };
		9533F1C61FAB74FB00FC12DE /* GSDConstants.swift in Sources */ = {isa = PBXBuildFile; fileRef = 9533F1C31FAB74FB00FC12DE /* GSDConstants.swift */; };
		9533F1C91FAB754A00FC12DE /* Random+Extensions.swift in Sources */ = {isa = PBXBuildFile; fileRef = 9533F1C81FAB754A00FC12DE /* Random+Extensions.swift */; };
		9533F1CB1FACE58B00FC12DE /* Array+Extension.swift in Sources */ = {isa = PBXBuildFile; fileRef = 9533F1CA1FACE58B00FC12DE /* Array+Extension.swift */; };
		9533F1D01FACF9CD00FC12DE /* LoadingView.swift in Sources */ = {isa = PBXBuildFile; fileRef = 9533F1CF1FACF9CD00FC12DE /* LoadingView.swift */; };
		9533F1D21FACF9F100FC12DE /* LoadingView.xib in Resources */ = {isa = PBXBuildFile; fileRef = 9533F1D11FACF9F100FC12DE /* LoadingView.xib */; };
		9533F1D61FAD1F5400FC12DE /* YSView.swift in Sources */ = {isa = PBXBuildFile; fileRef = 9533F1D51FAD1F5400FC12DE /* YSView.swift */; };
		9533F1D81FADAB7100FC12DE /* ImageView.swift in Sources */ = {isa = PBXBuildFile; fileRef = 9533F1D71FADAB7100FC12DE /* ImageView.swift */; };
		95478E9C1FC5ADD900C00864 /* FBUser.swift in Sources */ = {isa = PBXBuildFile; fileRef = 95478E991FC5ADD900C00864 /* FBUser.swift */; };
		95478E9D1FC5ADD900C00864 /* User.swift in Sources */ = {isa = PBXBuildFile; fileRef = 95478E9A1FC5ADD900C00864 /* User.swift */; };
		95478E9E1FC5ADD900C00864 /* FBCurrentUser.swift in Sources */ = {isa = PBXBuildFile; fileRef = 95478E9B1FC5ADD900C00864 /* FBCurrentUser.swift */; };
		95478EA11FC5ADE000C00864 /* UsersModel.swift in Sources */ = {isa = PBXBuildFile; fileRef = 95478EA01FC5ADE000C00864 /* UsersModel.swift */; };
		95478EA91FC5AE1F00C00864 /* ArrayModel.swift in Sources */ = {isa = PBXBuildFile; fileRef = 95478EA31FC5AE1F00C00864 /* ArrayModel.swift */; };
		95478EAA1FC5AE1F00C00864 /* ArrayModelChangeMove.swift in Sources */ = {isa = PBXBuildFile; fileRef = 95478EA51FC5AE1F00C00864 /* ArrayModelChangeMove.swift */; };
		95478EAB1FC5AE1F00C00864 /* ArrayModelChangeInsert.swift in Sources */ = {isa = PBXBuildFile; fileRef = 95478EA61FC5AE1F00C00864 /* ArrayModelChangeInsert.swift */; };
		95478EAC1FC5AE1F00C00864 /* ArrayModelChangeDelete.swift in Sources */ = {isa = PBXBuildFile; fileRef = 95478EA71FC5AE1F00C00864 /* ArrayModelChangeDelete.swift */; };
		95478EAD1FC5AE1F00C00864 /* ArrayModelChange.swift in Sources */ = {isa = PBXBuildFile; fileRef = 95478EA81FC5AE1F00C00864 /* ArrayModelChange.swift */; };
		955141111FA0C1AD00B57947 /* String+Extension.swift in Sources */ = {isa = PBXBuildFile; fileRef = 955141101FA0C1AD00B57947 /* String+Extension.swift */; };
		955141131FA0E74B00B57947 /* UIWindows+Extension.swift in Sources */ = {isa = PBXBuildFile; fileRef = 955141121FA0E74B00B57947 /* UIWindows+Extension.swift */; };
		956A85CA1F93D52200292D21 /* Assets.xcassets in Resources */ = {isa = PBXBuildFile; fileRef = 956A85C91F93D52200292D21 /* Assets.xcassets */; };
		956A85E21F93DA6300292D21 /* Context.swift in Sources */ = {isa = PBXBuildFile; fileRef = 956A85E11F93DA6300292D21 /* Context.swift */; };
		956A85E71F94FDA000292D21 /* Model.swift in Sources */ = {isa = PBXBuildFile; fileRef = 956A85E61F94FDA000292D21 /* Model.swift */; };
		957C21B51FC9B03A00806A28 /* UIViewAutoresizing+Extensions.swift in Sources */ = {isa = PBXBuildFile; fileRef = 957C21B41FC9B03A00806A28 /* UIViewAutoresizing+Extensions.swift */; };
		95A92DCB1F9F7B480074898E /* SquareViewController.swift in Sources */ = {isa = PBXBuildFile; fileRef = 95A92DC91F9F7B480074898E /* SquareViewController.swift */; };
		95A92DCC1F9F7B480074898E /* SquareViewController.xib in Resources */ = {isa = PBXBuildFile; fileRef = 95A92DCA1F9F7B480074898E /* SquareViewController.xib */; };
		95A92DCE1F9F7D310074898E /* SquareView.swift in Sources */ = {isa = PBXBuildFile; fileRef = 95A92DCD1F9F7D310074898E /* SquareView.swift */; };
		95B04E2F1F95117100BE907C /* YSAppDelegate.swift in Sources */ = {isa = PBXBuildFile; fileRef = 956A85DE1F93D78B00292D21 /* YSAppDelegate.swift */; };
		95B1C0C01FB3553C0030A0C3 /* FBViewController.swift in Sources */ = {isa = PBXBuildFile; fileRef = 95B1C0BF1FB3553C0030A0C3 /* FBViewController.swift */; };
		95B1C0C31FB371C40030A0C3 /* FBLoginViewController.swift in Sources */ = {isa = PBXBuildFile; fileRef = 95B1C0C11FB371C40030A0C3 /* FBLoginViewController.swift */; };
		95B1C0C41FB371C40030A0C3 /* FBLoginViewController.xib in Resources */ = {isa = PBXBuildFile; fileRef = 95B1C0C21FB371C40030A0C3 /* FBLoginViewController.xib */; };
		95B1C0C71FB3723E0030A0C3 /* FBUserViewController.swift in Sources */ = {isa = PBXBuildFile; fileRef = 95B1C0C51FB3723E0030A0C3 /* FBUserViewController.swift */; };
		95B1C0C81FB3723E0030A0C3 /* FBUserViewController.xib in Resources */ = {isa = PBXBuildFile; fileRef = 95B1C0C61FB3723E0030A0C3 /* FBUserViewController.xib */; };
		95B1C0CB1FB372540030A0C3 /* FBUsersViewController.swift in Sources */ = {isa = PBXBuildFile; fileRef = 95B1C0C91FB372540030A0C3 /* FBUsersViewController.swift */; };
		95B1C0CC1FB372540030A0C3 /* FBUsersViewController.xib in Resources */ = {isa = PBXBuildFile; fileRef = 95B1C0CA1FB372540030A0C3 /* FBUsersViewController.xib */; };
		95B1C0CE1FB372830030A0C3 /* FBLoginView.swift in Sources */ = {isa = PBXBuildFile; fileRef = 95B1C0CD1FB372830030A0C3 /* FBLoginView.swift */; };
		95B1C0D01FB372A10030A0C3 /* FBUserView.swift in Sources */ = {isa = PBXBuildFile; fileRef = 95B1C0CF1FB372A10030A0C3 /* FBUserView.swift */; };
		95B1C0D21FB372B40030A0C3 /* FBUsersView.swift in Sources */ = {isa = PBXBuildFile; fileRef = 95B1C0D11FB372B40030A0C3 /* FBUsersView.swift */; };
		95B1C0D51FB48ED20030A0C3 /* YSTableViewCell.swift in Sources */ = {isa = PBXBuildFile; fileRef = 95B1C0D41FB48ED20030A0C3 /* YSTableViewCell.swift */; };
		CC4F3BFF98A0E406270FAA4D /* Pods_YSSwiftStudy.framework in Frameworks */ = {isa = PBXBuildFile; fileRef = B3FB21086BCD056EC3690F0D /* Pods_YSSwiftStudy.framework */; };
/* End PBXBuildFile section */

/* Begin PBXFileReference section */
		1FBA71BC3A55B96EC1562257 /* Pods-YSSwiftStudy.debug.xcconfig */ = {isa = PBXFileReference; includeInIndex = 1; lastKnownFileType = text.xcconfig; name = "Pods-YSSwiftStudy.debug.xcconfig"; path = "Pods/Target Support Files/Pods-YSSwiftStudy/Pods-YSSwiftStudy.debug.xcconfig"; sourceTree = "<group>"; };
		95029ECB1FBEDEE9004AEA54 /* Bundle+Extensions.swift */ = {isa = PBXFileReference; lastKnownFileType = sourcecode.swift; path = "Bundle+Extensions.swift"; sourceTree = "<group>"; };
		95070F301FA1D4E300B26BD7 /* FileManager+Extension.swift */ = {isa = PBXFileReference; lastKnownFileType = sourcecode.swift; path = "FileManager+Extension.swift"; sourceTree = "<group>"; };
		95070F421FA38F4800B26BD7 /* UITableView+Extension.swift */ = {isa = PBXFileReference; lastKnownFileType = sourcecode.swift; path = "UITableView+Extension.swift"; sourceTree = "<group>"; };
		9507326F1FB9C71200FFEE7B /* RootViewProtocol.swift */ = {isa = PBXFileReference; lastKnownFileType = sourcecode.swift; path = RootViewProtocol.swift; sourceTree = "<group>"; };
		950732711FB9C7F200FFEE7B /* UINib+Extensions.swift */ = {isa = PBXFileReference; lastKnownFileType = sourcecode.swift; path = "UINib+Extensions.swift"; sourceTree = "<group>"; };
		950732741FBB6A0700FFEE7B /* FBResponseParser.swift */ = {isa = PBXFileReference; lastKnownFileType = sourcecode.swift; path = FBResponseParser.swift; sourceTree = "<group>"; };
		950C52711F9A6ACA00AD308C /* ModelCache.swift */ = {isa = PBXFileReference; lastKnownFileType = sourcecode.swift; path = ModelCache.swift; sourceTree = "<group>"; };
		950C52731F9A88F600AD308C /* FileManagerImageModel.swift */ = {isa = PBXFileReference; lastKnownFileType = sourcecode.swift; path = FileManagerImageModel.swift; sourceTree = "<group>"; };
		950C52751F9A895500AD308C /* InternetImageModel.swift */ = {isa = PBXFileReference; lastKnownFileType = sourcecode.swift; path = InternetImageModel.swift; sourceTree = "<group>"; };
		950C527C1F9B89C700AD308C /* ObservableObject.swift */ = {isa = PBXFileReference; fileEncoding = 4; lastKnownFileType = sourcecode.swift; path = ObservableObject.swift; sourceTree = "<group>"; };
		950C527D1F9B89C700AD308C /* GlobalFunctions.swift */ = {isa = PBXFileReference; fileEncoding = 4; lastKnownFileType = sourcecode.swift; path = GlobalFunctions.swift; sourceTree = "<group>"; };
		950C78411F973FB200C040E9 /* ImageModel.swift */ = {isa = PBXFileReference; lastKnownFileType = sourcecode.swift; path = ImageModel.swift; sourceTree = "<group>"; };
		950F93561FB49205005CE4C6 /* FBTableViewCell.swift */ = {isa = PBXFileReference; lastKnownFileType = sourcecode.swift; path = FBTableViewCell.swift; sourceTree = "<group>"; };
		950F93571FB49205005CE4C6 /* FBTableViewCell.xib */ = {isa = PBXFileReference; lastKnownFileType = file.xib; path = FBTableViewCell.xib; sourceTree = "<group>"; };
		950F935A1FB4EE22005CE4C6 /* GetContext.swift */ = {isa = PBXFileReference; lastKnownFileType = sourcecode.swift; path = GetContext.swift; sourceTree = "<group>"; };
		950F935C1FB4EE8F005CE4C6 /* GetUserContext.swift */ = {isa = PBXFileReference; lastKnownFileType = sourcecode.swift; path = GetUserContext.swift; sourceTree = "<group>"; };
		950F935E1FB4EEB7005CE4C6 /* GetUsersContext.swift */ = {isa = PBXFileReference; lastKnownFileType = sourcecode.swift; path = GetUsersContext.swift; sourceTree = "<group>"; };
		950F93601FB4EF64005CE4C6 /* FBLoginContext.swift */ = {isa = PBXFileReference; lastKnownFileType = sourcecode.swift; path = FBLoginContext.swift; sourceTree = "<group>"; };
		950F93621FB4EFB9005CE4C6 /* FBLogoutContext.swift */ = {isa = PBXFileReference; lastKnownFileType = sourcecode.swift; path = FBLogoutContext.swift; sourceTree = "<group>"; };
		9533F1C31FAB74FB00FC12DE /* GSDConstants.swift */ = {isa = PBXFileReference; fileEncoding = 4; lastKnownFileType = sourcecode.swift; path = GSDConstants.swift; sourceTree = "<group>"; };
		9533F1C81FAB754A00FC12DE /* Random+Extensions.swift */ = {isa = PBXFileReference; lastKnownFileType = sourcecode.swift; path = "Random+Extensions.swift"; sourceTree = "<group>"; };
		9533F1CA1FACE58B00FC12DE /* Array+Extension.swift */ = {isa = PBXFileReference; lastKnownFileType = sourcecode.swift; path = "Array+Extension.swift"; sourceTree = "<group>"; };
		9533F1CF1FACF9CD00FC12DE /* LoadingView.swift */ = {isa = PBXFileReference; lastKnownFileType = sourcecode.swift; path = LoadingView.swift; sourceTree = "<group>"; };
		9533F1D11FACF9F100FC12DE /* LoadingView.xib */ = {isa = PBXFileReference; lastKnownFileType = file.xib; path = LoadingView.xib; sourceTree = "<group>"; };
		9533F1D51FAD1F5400FC12DE /* YSView.swift */ = {isa = PBXFileReference; lastKnownFileType = sourcecode.swift; path = YSView.swift; sourceTree = "<group>"; };
		9533F1D71FADAB7100FC12DE /* ImageView.swift */ = {isa = PBXFileReference; lastKnownFileType = sourcecode.swift; path = ImageView.swift; sourceTree = "<group>"; };
		95478E991FC5ADD900C00864 /* FBUser.swift */ = {isa = PBXFileReference; fileEncoding = 4; lastKnownFileType = sourcecode.swift; path = FBUser.swift; sourceTree = "<group>"; };
		95478E9A1FC5ADD900C00864 /* User.swift */ = {isa = PBXFileReference; fileEncoding = 4; lastKnownFileType = sourcecode.swift; path = User.swift; sourceTree = "<group>"; };
		95478E9B1FC5ADD900C00864 /* FBCurrentUser.swift */ = {isa = PBXFileReference; fileEncoding = 4; lastKnownFileType = sourcecode.swift; path = FBCurrentUser.swift; sourceTree = "<group>"; };
		95478EA01FC5ADE000C00864 /* UsersModel.swift */ = {isa = PBXFileReference; fileEncoding = 4; lastKnownFileType = sourcecode.swift; path = UsersModel.swift; sourceTree = "<group>"; };
		95478EA31FC5AE1F00C00864 /* ArrayModel.swift */ = {isa = PBXFileReference; fileEncoding = 4; lastKnownFileType = sourcecode.swift; path = ArrayModel.swift; sourceTree = "<group>"; };
		95478EA51FC5AE1F00C00864 /* ArrayModelChangeMove.swift */ = {isa = PBXFileReference; fileEncoding = 4; lastKnownFileType = sourcecode.swift; path = ArrayModelChangeMove.swift; sourceTree = "<group>"; };
		95478EA61FC5AE1F00C00864 /* ArrayModelChangeInsert.swift */ = {isa = PBXFileReference; fileEncoding = 4; lastKnownFileType = sourcecode.swift; path = ArrayModelChangeInsert.swift; sourceTree = "<group>"; };
		95478EA71FC5AE1F00C00864 /* ArrayModelChangeDelete.swift */ = {isa = PBXFileReference; fileEncoding = 4; lastKnownFileType = sourcecode.swift; path = ArrayModelChangeDelete.swift; sourceTree = "<group>"; };
		95478EA81FC5AE1F00C00864 /* ArrayModelChange.swift */ = {isa = PBXFileReference; fileEncoding = 4; lastKnownFileType = sourcecode.swift; path = ArrayModelChange.swift; sourceTree = "<group>"; };
		955141101FA0C1AD00B57947 /* String+Extension.swift */ = {isa = PBXFileReference; lastKnownFileType = sourcecode.swift; path = "String+Extension.swift"; sourceTree = "<group>"; };
		955141121FA0E74B00B57947 /* UIWindows+Extension.swift */ = {isa = PBXFileReference; lastKnownFileType = sourcecode.swift; path = "UIWindows+Extension.swift"; sourceTree = "<group>"; };
		956A85BF1F93D52200292D21 /* YSSwiftStudy.app */ = {isa = PBXFileReference; explicitFileType = wrapper.application; includeInIndex = 0; path = YSSwiftStudy.app; sourceTree = BUILT_PRODUCTS_DIR; };
		956A85C91F93D52200292D21 /* Assets.xcassets */ = {isa = PBXFileReference; lastKnownFileType = folder.assetcatalog; path = Assets.xcassets; sourceTree = "<group>"; };
		956A85CE1F93D52200292D21 /* Info.plist */ = {isa = PBXFileReference; lastKnownFileType = text.plist.xml; path = Info.plist; sourceTree = "<group>"; };
		956A85DE1F93D78B00292D21 /* YSAppDelegate.swift */ = {isa = PBXFileReference; lastKnownFileType = sourcecode.swift; path = YSAppDelegate.swift; sourceTree = "<group>"; };
		956A85E11F93DA6300292D21 /* Context.swift */ = {isa = PBXFileReference; lastKnownFileType = sourcecode.swift; path = Context.swift; sourceTree = "<group>"; };
		956A85E61F94FDA000292D21 /* Model.swift */ = {isa = PBXFileReference; lastKnownFileType = sourcecode.swift; path = Model.swift; sourceTree = "<group>"; };
		956A85E81F95009900292D21 /* image.jpg */ = {isa = PBXFileReference; lastKnownFileType = image.jpeg; path = image.jpg; sourceTree = "<group>"; };
		957C21B41FC9B03A00806A28 /* UIViewAutoresizing+Extensions.swift */ = {isa = PBXFileReference; lastKnownFileType = sourcecode.swift; path = "UIViewAutoresizing+Extensions.swift"; sourceTree = "<group>"; };
		95A92DC91F9F7B480074898E /* SquareViewController.swift */ = {isa = PBXFileReference; lastKnownFileType = sourcecode.swift; path = SquareViewController.swift; sourceTree = "<group>"; };
		95A92DCA1F9F7B480074898E /* SquareViewController.xib */ = {isa = PBXFileReference; lastKnownFileType = file.xib; path = SquareViewController.xib; sourceTree = "<group>"; };
		95A92DCD1F9F7D310074898E /* SquareView.swift */ = {isa = PBXFileReference; lastKnownFileType = sourcecode.swift; path = SquareView.swift; sourceTree = "<group>"; };
		95B1C0BF1FB3553C0030A0C3 /* FBViewController.swift */ = {isa = PBXFileReference; lastKnownFileType = sourcecode.swift; path = FBViewController.swift; sourceTree = "<group>"; };
		95B1C0C11FB371C40030A0C3 /* FBLoginViewController.swift */ = {isa = PBXFileReference; lastKnownFileType = sourcecode.swift; path = FBLoginViewController.swift; sourceTree = "<group>"; };
		95B1C0C21FB371C40030A0C3 /* FBLoginViewController.xib */ = {isa = PBXFileReference; lastKnownFileType = file.xib; path = FBLoginViewController.xib; sourceTree = "<group>"; };
		95B1C0C51FB3723E0030A0C3 /* FBUserViewController.swift */ = {isa = PBXFileReference; lastKnownFileType = sourcecode.swift; path = FBUserViewController.swift; sourceTree = "<group>"; };
		95B1C0C61FB3723E0030A0C3 /* FBUserViewController.xib */ = {isa = PBXFileReference; lastKnownFileType = file.xib; path = FBUserViewController.xib; sourceTree = "<group>"; };
		95B1C0C91FB372540030A0C3 /* FBUsersViewController.swift */ = {isa = PBXFileReference; lastKnownFileType = sourcecode.swift; path = FBUsersViewController.swift; sourceTree = "<group>"; };
		95B1C0CA1FB372540030A0C3 /* FBUsersViewController.xib */ = {isa = PBXFileReference; lastKnownFileType = file.xib; path = FBUsersViewController.xib; sourceTree = "<group>"; };
		95B1C0CD1FB372830030A0C3 /* FBLoginView.swift */ = {isa = PBXFileReference; lastKnownFileType = sourcecode.swift; path = FBLoginView.swift; sourceTree = "<group>"; };
		95B1C0CF1FB372A10030A0C3 /* FBUserView.swift */ = {isa = PBXFileReference; lastKnownFileType = sourcecode.swift; path = FBUserView.swift; sourceTree = "<group>"; };
		95B1C0D11FB372B40030A0C3 /* FBUsersView.swift */ = {isa = PBXFileReference; lastKnownFileType = sourcecode.swift; path = FBUsersView.swift; sourceTree = "<group>"; };
		95B1C0D41FB48ED20030A0C3 /* YSTableViewCell.swift */ = {isa = PBXFileReference; lastKnownFileType = sourcecode.swift; path = YSTableViewCell.swift; sourceTree = "<group>"; };
		B3FB21086BCD056EC3690F0D /* Pods_YSSwiftStudy.framework */ = {isa = PBXFileReference; explicitFileType = wrapper.framework; includeInIndex = 0; path = Pods_YSSwiftStudy.framework; sourceTree = BUILT_PRODUCTS_DIR; };
		E5B1D94E1CB6F03921F833F4 /* Pods-YSSwiftStudy.release.xcconfig */ = {isa = PBXFileReference; includeInIndex = 1; lastKnownFileType = text.xcconfig; name = "Pods-YSSwiftStudy.release.xcconfig"; path = "Pods/Target Support Files/Pods-YSSwiftStudy/Pods-YSSwiftStudy.release.xcconfig"; sourceTree = "<group>"; };
/* End PBXFileReference section */

/* Begin PBXFrameworksBuildPhase section */
		956A85BC1F93D52200292D21 /* Frameworks */ = {
			isa = PBXFrameworksBuildPhase;
			buildActionMask = 2147483647;
			files = (
				CC4F3BFF98A0E406270FAA4D /* Pods_YSSwiftStudy.framework in Frameworks */,
			);
			runOnlyForDeploymentPostprocessing = 0;
		};
/* End PBXFrameworksBuildPhase section */

/* Begin PBXGroup section */
		9507326E1FB9C6EA00FFEE7B /* Protocols */ = {
			isa = PBXGroup;
			children = (
				9507326F1FB9C71200FFEE7B /* RootViewProtocol.swift */,
			);
			path = Protocols;
			sourceTree = "<group>";
		};
		950732731FBB69E500FFEE7B /* FBResponseParser */ = {
			isa = PBXGroup;
			children = (
				950732741FBB6A0700FFEE7B /* FBResponseParser.swift */,
			);
			path = FBResponseParser;
			sourceTree = "<group>";
		};
		950C526C1F99F27600AD308C /* YSInternetImageModel */ = {
			isa = PBXGroup;
			children = (
				950C52751F9A895500AD308C /* InternetImageModel.swift */,
			);
			path = YSInternetImageModel;
			sourceTree = "<group>";
		};
		950C526D1F99F28200AD308C /* YSFileManagerImageModel */ = {
			isa = PBXGroup;
			children = (
				950C52731F9A88F600AD308C /* FileManagerImageModel.swift */,
			);
			path = YSFileManagerImageModel;
			sourceTree = "<group>";
		};
		950C52701F9A6A9F00AD308C /* YSImageModelCache */ = {
			isa = PBXGroup;
			children = (
				950C52711F9A6ACA00AD308C /* ModelCache.swift */,
			);
			path = YSImageModelCache;
			sourceTree = "<group>";
		};
		950C52771F9B89C700AD308C /* Library */ = {
			isa = PBXGroup;
			children = (
				950C527D1F9B89C700AD308C /* GlobalFunctions.swift */,
				9551410F1FA0C18900B57947 /* Extensions */,
				9551410E1FA0C17B00B57947 /* Classes */,
			);
			path = Library;
			sourceTree = "<group>";
		};
		950C78401F973F9100C040E9 /* ImageModel */ = {
			isa = PBXGroup;
			children = (
				950C526D1F99F28200AD308C /* YSFileManagerImageModel */,
				950C526C1F99F27600AD308C /* YSInternetImageModel */,
				950C78411F973FB200C040E9 /* ImageModel.swift */,
			);
			path = ImageModel;
			sourceTree = "<group>";
		};
		9533F1C21FAB74FA00FC12DE /* GSDExtensions */ = {
			isa = PBXGroup;
			children = (
				9533F1C31FAB74FB00FC12DE /* GSDConstants.swift */,
			);
			path = GSDExtensions;
			sourceTree = "<group>";
		};
		9533F1CC1FACF93E00FC12DE /* Views */ = {
			isa = PBXGroup;
			children = (
				9533F1CF1FACF9CD00FC12DE /* LoadingView.swift */,
				9533F1D51FAD1F5400FC12DE /* YSView.swift */,
				9533F1D71FADAB7100FC12DE /* ImageView.swift */,
				9533F1D11FACF9F100FC12DE /* LoadingView.xib */,
			);
			path = Views;
			sourceTree = "<group>";
		};
		95478E971FC5AD5B00C00864 /* Parsers */ = {
			isa = PBXGroup;
			children = (
				950732731FBB69E500FFEE7B /* FBResponseParser */,
			);
			path = Parsers;
			sourceTree = "<group>";
		};
		95478E981FC5ADD900C00864 /* User */ = {
			isa = PBXGroup;
			children = (
				95478E991FC5ADD900C00864 /* FBUser.swift */,
				95478E9A1FC5ADD900C00864 /* User.swift */,
				95478E9B1FC5ADD900C00864 /* FBCurrentUser.swift */,
			);
			path = User;
			sourceTree = "<group>";
		};
		95478E9F1FC5ADE000C00864 /* UsersModel */ = {
			isa = PBXGroup;
			children = (
				95478EA01FC5ADE000C00864 /* UsersModel.swift */,
			);
			path = UsersModel;
			sourceTree = "<group>";
		};
		95478EA21FC5AE1F00C00864 /* ArrayModel */ = {
			isa = PBXGroup;
			children = (
				95478EA31FC5AE1F00C00864 /* ArrayModel.swift */,
				95478EA41FC5AE1F00C00864 /* ArrayModelChange */,
			);
			path = ArrayModel;
			sourceTree = "<group>";
		};
		95478EA41FC5AE1F00C00864 /* ArrayModelChange */ = {
			isa = PBXGroup;
			children = (
				95478EA51FC5AE1F00C00864 /* ArrayModelChangeMove.swift */,
				95478EA61FC5AE1F00C00864 /* ArrayModelChangeInsert.swift */,
				95478EA71FC5AE1F00C00864 /* ArrayModelChangeDelete.swift */,
				95478EA81FC5AE1F00C00864 /* ArrayModelChange.swift */,
			);
			path = ArrayModelChange;
			sourceTree = "<group>";
		};
		9551410E1FA0C17B00B57947 /* Classes */ = {
			isa = PBXGroup;
			children = (
				950C52701F9A6A9F00AD308C /* YSImageModelCache */,
				950C527C1F9B89C700AD308C /* ObservableObject.swift */,
				95B1C0D41FB48ED20030A0C3 /* YSTableViewCell.swift */,
			);
			path = Classes;
			sourceTree = "<group>";
		};
		9551410F1FA0C18900B57947 /* Extensions */ = {
			isa = PBXGroup;
			children = (
				9533F1C21FAB74FA00FC12DE /* GSDExtensions */,
				955141101FA0C1AD00B57947 /* String+Extension.swift */,
				9533F1C81FAB754A00FC12DE /* Random+Extensions.swift */,
				955141121FA0E74B00B57947 /* UIWindows+Extension.swift */,
				95070F301FA1D4E300B26BD7 /* FileManager+Extension.swift */,
				95070F421FA38F4800B26BD7 /* UITableView+Extension.swift */,
				9533F1CA1FACE58B00FC12DE /* Array+Extension.swift */,
				950732711FB9C7F200FFEE7B /* UINib+Extensions.swift */,
				95029ECB1FBEDEE9004AEA54 /* Bundle+Extensions.swift */,
				957C21B41FC9B03A00806A28 /* UIViewAutoresizing+Extensions.swift */,
			);
			path = Extensions;
			sourceTree = "<group>";
		};
		956A85B61F93D52200292D21 = {
			isa = PBXGroup;
			children = (
				956A85C11F93D52200292D21 /* YSSwiftStudy */,
				956A85C01F93D52200292D21 /* Products */,
				E0E5D3693C6E582E74CF5F5F /* Pods */,
				CD129E8AEE78AD01ADA742C8 /* Frameworks */,
			);
			sourceTree = "<group>";
		};
		956A85C01F93D52200292D21 /* Products */ = {
			isa = PBXGroup;
			children = (
				956A85BF1F93D52200292D21 /* YSSwiftStudy.app */,
			);
			name = Products;
			sourceTree = "<group>";
		};
		956A85C11F93D52200292D21 /* YSSwiftStudy */ = {
			isa = PBXGroup;
			children = (
				956A85CE1F93D52200292D21 /* Info.plist */,
				956A85DE1F93D78B00292D21 /* YSAppDelegate.swift */,
				950C52771F9B89C700AD308C /* Library */,
				956A85DB1F93D78B00292D21 /* Resourse */,
				956A85D41F93D69200292D21 /* Source */,
			);
			path = YSSwiftStudy;
			sourceTree = "<group>";
		};
		956A85D41F93D69200292D21 /* Source */ = {
			isa = PBXGroup;
			children = (
				9507326E1FB9C6EA00FFEE7B /* Protocols */,
				95478E971FC5AD5B00C00864 /* Parsers */,
				956A85D61F93D69200292D21 /* YSContexts */,
				956A85D51F93D69200292D21 /* Models */,
				956A85D81F93D69200292D21 /* UI */,
			);
			path = Source;
			sourceTree = "<group>";
		};
		956A85D51F93D69200292D21 /* Models */ = {
			isa = PBXGroup;
			children = (
				956A85D71F93D69200292D21 /* YSModels */,
			);
			path = Models;
			sourceTree = "<group>";
		};
		956A85D61F93D69200292D21 /* YSContexts */ = {
			isa = PBXGroup;
			children = (
				956A85E01F93DA3800292D21 /* YSContext */,
				950F935A1FB4EE22005CE4C6 /* GetContext.swift */,
				950F935C1FB4EE8F005CE4C6 /* GetUserContext.swift */,
				950F935E1FB4EEB7005CE4C6 /* GetUsersContext.swift */,
				950F93601FB4EF64005CE4C6 /* FBLoginContext.swift */,
				950F93621FB4EFB9005CE4C6 /* FBLogoutContext.swift */,
			);
			path = YSContexts;
			sourceTree = "<group>";
		};
		956A85D71F93D69200292D21 /* YSModels */ = {
			isa = PBXGroup;
			children = (
				956A85DF1F93D95A00292D21 /* Model */,
				95478E981FC5ADD900C00864 /* User */,
				95478EA21FC5AE1F00C00864 /* ArrayModel */,
				95478E9F1FC5ADE000C00864 /* UsersModel */,
				950C78401F973F9100C040E9 /* ImageModel */,
			);
			path = YSModels;
			sourceTree = "<group>";
		};
		956A85D81F93D69200292D21 /* UI */ = {
			isa = PBXGroup;
			children = (
				9533F1CC1FACF93E00FC12DE /* Views */,
				956A85D91F93D69200292D21 /* Controllers */,
			);
			path = UI;
			sourceTree = "<group>";
		};
		956A85D91F93D69200292D21 /* Controllers */ = {
			isa = PBXGroup;
			children = (
				95B1C0BA1FB354A90030A0C3 /* FBViewControllers */,
				95A92DC81F9F7B070074898E /* SquareViewController */,
			);
			path = Controllers;
			sourceTree = "<group>";
		};
		956A85DB1F93D78B00292D21 /* Resourse */ = {
			isa = PBXGroup;
			children = (
				956A85C91F93D52200292D21 /* Assets.xcassets */,
				956A85DC1F93D78B00292D21 /* images */,
			);
			path = Resourse;
			sourceTree = "<group>";
		};
		956A85DC1F93D78B00292D21 /* images */ = {
			isa = PBXGroup;
			children = (
				956A85E81F95009900292D21 /* image.jpg */,
			);
			path = images;
			sourceTree = "<group>";
		};
		956A85DF1F93D95A00292D21 /* Model */ = {
			isa = PBXGroup;
			children = (
				956A85E61F94FDA000292D21 /* Model.swift */,
			);
			path = Model;
			sourceTree = "<group>";
		};
		956A85E01F93DA3800292D21 /* YSContext */ = {
			isa = PBXGroup;
			children = (
				956A85E11F93DA6300292D21 /* Context.swift */,
			);
			path = YSContext;
			sourceTree = "<group>";
		};
		95A92DC81F9F7B070074898E /* SquareViewController */ = {
			isa = PBXGroup;
			children = (
				95A92DC91F9F7B480074898E /* SquareViewController.swift */,
				95A92DCD1F9F7D310074898E /* SquareView.swift */,
				95A92DCA1F9F7B480074898E /* SquareViewController.xib */,
			);
			path = SquareViewController;
			sourceTree = "<group>";
		};
		95B1C0BA1FB354A90030A0C3 /* FBViewControllers */ = {
			isa = PBXGroup;
			children = (
				95B1C0BE1FB354A90030A0C3 /* FBViewController */,
				95B1C0BB1FB354A90030A0C3 /* FBLoginViewController */,
				95B1C0BC1FB354A90030A0C3 /* FBUserViewController */,
				95B1C0BD1FB354A90030A0C3 /* FBUsersViewController */,
			);
			path = FBViewControllers;
			sourceTree = "<group>";
		};
		95B1C0BB1FB354A90030A0C3 /* FBLoginViewController */ = {
			isa = PBXGroup;
			children = (
				95B1C0C11FB371C40030A0C3 /* FBLoginViewController.swift */,
				95B1C0CD1FB372830030A0C3 /* FBLoginView.swift */,
				95B1C0C21FB371C40030A0C3 /* FBLoginViewController.xib */,
			);
			path = FBLoginViewController;
			sourceTree = "<group>";
		};
		95B1C0BC1FB354A90030A0C3 /* FBUserViewController */ = {
			isa = PBXGroup;
			children = (
				95B1C0C51FB3723E0030A0C3 /* FBUserViewController.swift */,
				95B1C0CF1FB372A10030A0C3 /* FBUserView.swift */,
				95B1C0C61FB3723E0030A0C3 /* FBUserViewController.xib */,
			);
			path = FBUserViewController;
			sourceTree = "<group>";
		};
		95B1C0BD1FB354A90030A0C3 /* FBUsersViewController */ = {
			isa = PBXGroup;
			children = (
				95B1C0D31FB487000030A0C3 /* FBUserCell */,
				95B1C0C91FB372540030A0C3 /* FBUsersViewController.swift */,
				95B1C0D11FB372B40030A0C3 /* FBUsersView.swift */,
				95B1C0CA1FB372540030A0C3 /* FBUsersViewController.xib */,
			);
			path = FBUsersViewController;
			sourceTree = "<group>";
		};
		95B1C0BE1FB354A90030A0C3 /* FBViewController */ = {
			isa = PBXGroup;
			children = (
				95B1C0BF1FB3553C0030A0C3 /* FBViewController.swift */,
			);
			path = FBViewController;
			sourceTree = "<group>";
		};
		95B1C0D31FB487000030A0C3 /* FBUserCell */ = {
			isa = PBXGroup;
			children = (
				950F93561FB49205005CE4C6 /* FBTableViewCell.swift */,
				950F93571FB49205005CE4C6 /* FBTableViewCell.xib */,
			);
			path = FBUserCell;
			sourceTree = "<group>";
		};
		CD129E8AEE78AD01ADA742C8 /* Frameworks */ = {
			isa = PBXGroup;
			children = (
				B3FB21086BCD056EC3690F0D /* Pods_YSSwiftStudy.framework */,
			);
			name = Frameworks;
			sourceTree = "<group>";
		};
		E0E5D3693C6E582E74CF5F5F /* Pods */ = {
			isa = PBXGroup;
			children = (
				1FBA71BC3A55B96EC1562257 /* Pods-YSSwiftStudy.debug.xcconfig */,
				E5B1D94E1CB6F03921F833F4 /* Pods-YSSwiftStudy.release.xcconfig */,
			);
			name = Pods;
			sourceTree = "<group>";
		};
/* End PBXGroup section */

/* Begin PBXNativeTarget section */
		956A85BE1F93D52200292D21 /* YSSwiftStudy */ = {
			isa = PBXNativeTarget;
			buildConfigurationList = 956A85D11F93D52200292D21 /* Build configuration list for PBXNativeTarget "YSSwiftStudy" */;
			buildPhases = (
				EBF0859C828D7C85F3BE3D37 /* [CP] Check Pods Manifest.lock */,
				956A85BB1F93D52200292D21 /* Sources */,
				956A85BC1F93D52200292D21 /* Frameworks */,
				956A85BD1F93D52200292D21 /* Resources */,
				0B35EE44990DCC2D9A8B2FA3 /* [CP] Embed Pods Frameworks */,
				656BA8472289B09F45CC2C9A /* [CP] Copy Pods Resources */,
			);
			buildRules = (
			);
			dependencies = (
			);
			name = YSSwiftStudy;
			productName = YSSwiftStudy;
			productReference = 956A85BF1F93D52200292D21 /* YSSwiftStudy.app */;
			productType = "com.apple.product-type.application";
		};
/* End PBXNativeTarget section */

/* Begin PBXProject section */
		956A85B71F93D52200292D21 /* Project object */ = {
			isa = PBXProject;
			attributes = {
				LastSwiftUpdateCheck = 0900;
				LastUpgradeCheck = 0900;
				ORGANIZATIONNAME = "Yurii Sushko";
				TargetAttributes = {
					956A85BE1F93D52200292D21 = {
						CreatedOnToolsVersion = 9.0;
						LastSwiftMigration = 0900;
						ProvisioningStyle = Automatic;
					};
				};
			};
			buildConfigurationList = 956A85BA1F93D52200292D21 /* Build configuration list for PBXProject "YSSwiftStudy" */;
			compatibilityVersion = "Xcode 8.0";
			developmentRegion = en;
			hasScannedForEncodings = 0;
			knownRegions = (
				en,
				Base,
			);
			mainGroup = 956A85B61F93D52200292D21;
			productRefGroup = 956A85C01F93D52200292D21 /* Products */;
			projectDirPath = "";
			projectRoot = "";
			targets = (
				956A85BE1F93D52200292D21 /* YSSwiftStudy */,
			);
		};
/* End PBXProject section */

/* Begin PBXResourcesBuildPhase section */
		956A85BD1F93D52200292D21 /* Resources */ = {
			isa = PBXResourcesBuildPhase;
			buildActionMask = 2147483647;
			files = (
				95B1C0C81FB3723E0030A0C3 /* FBUserViewController.xib in Resources */,
				95B1C0CC1FB372540030A0C3 /* FBUsersViewController.xib in Resources */,
				9533F1D21FACF9F100FC12DE /* LoadingView.xib in Resources */,
				956A85CA1F93D52200292D21 /* Assets.xcassets in Resources */,
				95B1C0C41FB371C40030A0C3 /* FBLoginViewController.xib in Resources */,
				950F93591FB49205005CE4C6 /* FBTableViewCell.xib in Resources */,
				95A92DCC1F9F7B480074898E /* SquareViewController.xib in Resources */,
			);
			runOnlyForDeploymentPostprocessing = 0;
		};
/* End PBXResourcesBuildPhase section */

/* Begin PBXShellScriptBuildPhase section */
		0B35EE44990DCC2D9A8B2FA3 /* [CP] Embed Pods Frameworks */ = {
			isa = PBXShellScriptBuildPhase;
			buildActionMask = 2147483647;
			files = (
			);
			inputPaths = (
				"${SRCROOT}/Pods/Target Support Files/Pods-YSSwiftStudy/Pods-YSSwiftStudy-frameworks.sh",
				"${BUILT_PRODUCTS_DIR}/Bolts/Bolts.framework",
				"${BUILT_PRODUCTS_DIR}/FBSDKCoreKit/FBSDKCoreKit.framework",
				"${BUILT_PRODUCTS_DIR}/FBSDKLoginKit/FBSDKLoginKit.framework",
				"${BUILT_PRODUCTS_DIR}/FBSDKShareKit/FBSDKShareKit.framework",
				"${BUILT_PRODUCTS_DIR}/FacebookCore/FacebookCore.framework",
				"${BUILT_PRODUCTS_DIR}/FacebookLogin/FacebookLogin.framework",
				"${BUILT_PRODUCTS_DIR}/FacebookShare/FacebookShare.framework",
			);
			name = "[CP] Embed Pods Frameworks";
			outputPaths = (
				"${TARGET_BUILD_DIR}/${FRAMEWORKS_FOLDER_PATH}/Bolts.framework",
				"${TARGET_BUILD_DIR}/${FRAMEWORKS_FOLDER_PATH}/FBSDKCoreKit.framework",
				"${TARGET_BUILD_DIR}/${FRAMEWORKS_FOLDER_PATH}/FBSDKLoginKit.framework",
				"${TARGET_BUILD_DIR}/${FRAMEWORKS_FOLDER_PATH}/FBSDKShareKit.framework",
				"${TARGET_BUILD_DIR}/${FRAMEWORKS_FOLDER_PATH}/FacebookCore.framework",
				"${TARGET_BUILD_DIR}/${FRAMEWORKS_FOLDER_PATH}/FacebookLogin.framework",
				"${TARGET_BUILD_DIR}/${FRAMEWORKS_FOLDER_PATH}/FacebookShare.framework",
			);
			runOnlyForDeploymentPostprocessing = 0;
			shellPath = /bin/sh;
			shellScript = "\"${SRCROOT}/Pods/Target Support Files/Pods-YSSwiftStudy/Pods-YSSwiftStudy-frameworks.sh\"\n";
			showEnvVarsInLog = 0;
		};
		656BA8472289B09F45CC2C9A /* [CP] Copy Pods Resources */ = {
			isa = PBXShellScriptBuildPhase;
			buildActionMask = 2147483647;
			files = (
			);
			inputPaths = (
			);
			name = "[CP] Copy Pods Resources";
			outputPaths = (
			);
			runOnlyForDeploymentPostprocessing = 0;
			shellPath = /bin/sh;
			shellScript = "\"${SRCROOT}/Pods/Target Support Files/Pods-YSSwiftStudy/Pods-YSSwiftStudy-resources.sh\"\n";
			showEnvVarsInLog = 0;
		};
		EBF0859C828D7C85F3BE3D37 /* [CP] Check Pods Manifest.lock */ = {
			isa = PBXShellScriptBuildPhase;
			buildActionMask = 2147483647;
			files = (
			);
			inputPaths = (
				"${PODS_PODFILE_DIR_PATH}/Podfile.lock",
				"${PODS_ROOT}/Manifest.lock",
			);
			name = "[CP] Check Pods Manifest.lock";
			outputPaths = (
				"$(DERIVED_FILE_DIR)/Pods-YSSwiftStudy-checkManifestLockResult.txt",
			);
			runOnlyForDeploymentPostprocessing = 0;
			shellPath = /bin/sh;
			shellScript = "diff \"${PODS_PODFILE_DIR_PATH}/Podfile.lock\" \"${PODS_ROOT}/Manifest.lock\" > /dev/null\nif [ $? != 0 ] ; then\n    # print error to STDERR\n    echo \"error: The sandbox is not in sync with the Podfile.lock. Run 'pod install' or update your CocoaPods installation.\" >&2\n    exit 1\nfi\n# This output is used by Xcode 'outputs' to avoid re-running this script phase.\necho \"SUCCESS\" > \"${SCRIPT_OUTPUT_FILE_0}\"\n";
			showEnvVarsInLog = 0;
		};
/* End PBXShellScriptBuildPhase section */

/* Begin PBXSourcesBuildPhase section */
		956A85BB1F93D52200292D21 /* Sources */ = {
			isa = PBXSourcesBuildPhase;
			buildActionMask = 2147483647;
			files = (
				950C78421F973FB200C040E9 /* ImageModel.swift in Sources */,
				95B1C0CB1FB372540030A0C3 /* FBUsersViewController.swift in Sources */,
				956A85E21F93DA6300292D21 /* Context.swift in Sources */,
				95B1C0D01FB372A10030A0C3 /* FBUserView.swift in Sources */,
				950C52741F9A88F600AD308C /* FileManagerImageModel.swift in Sources */,
				950F93631FB4EFB9005CE4C6 /* FBLogoutContext.swift in Sources */,
				95070F431FA38F4800B26BD7 /* UITableView+Extension.swift in Sources */,
				9533F1C91FAB754A00FC12DE /* Random+Extensions.swift in Sources */,
				9533F1D61FAD1F5400FC12DE /* YSView.swift in Sources */,
				950F93581FB49205005CE4C6 /* FBTableViewCell.swift in Sources */,
				95029ECC1FBEDEE9004AEA54 /* Bundle+Extensions.swift in Sources */,
				950C52801F9B89C700AD308C /* ObservableObject.swift in Sources */,
				950732701FB9C71200FFEE7B /* RootViewProtocol.swift in Sources */,
				950F935B1FB4EE22005CE4C6 /* GetContext.swift in Sources */,
				955141131FA0E74B00B57947 /* UIWindows+Extension.swift in Sources */,
				95478EAC1FC5AE1F00C00864 /* ArrayModelChangeDelete.swift in Sources */,
				95478E9D1FC5ADD900C00864 /* User.swift in Sources */,
				95B1C0C31FB371C40030A0C3 /* FBLoginViewController.swift in Sources */,
				950732751FBB6A0700FFEE7B /* FBResponseParser.swift in Sources */,
				95B1C0C71FB3723E0030A0C3 /* FBUserViewController.swift in Sources */,
				9533F1D81FADAB7100FC12DE /* ImageView.swift in Sources */,
				95478EA91FC5AE1F00C00864 /* ArrayModel.swift in Sources */,
				950F93611FB4EF64005CE4C6 /* FBLoginContext.swift in Sources */,
				950C52811F9B89C700AD308C /* GlobalFunctions.swift in Sources */,
				95A92DCB1F9F7B480074898E /* SquareViewController.swift in Sources */,
				950F935F1FB4EEB7005CE4C6 /* GetUsersContext.swift in Sources */,
				9533F1C61FAB74FB00FC12DE /* GSDConstants.swift in Sources */,
				950F935D1FB4EE8F005CE4C6 /* GetUserContext.swift in Sources */,
				95478EAA1FC5AE1F00C00864 /* ArrayModelChangeMove.swift in Sources */,
				957C21B51FC9B03A00806A28 /* UIViewAutoresizing+Extensions.swift in Sources */,
				95A92DCE1F9F7D310074898E /* SquareView.swift in Sources */,
				9533F1CB1FACE58B00FC12DE /* Array+Extension.swift in Sources */,
				955141111FA0C1AD00B57947 /* String+Extension.swift in Sources */,
				95B1C0D21FB372B40030A0C3 /* FBUsersView.swift in Sources */,
				95B1C0D51FB48ED20030A0C3 /* YSTableViewCell.swift in Sources */,
				950732721FB9C7F200FFEE7B /* UINib+Extensions.swift in Sources */,
				95478EA11FC5ADE000C00864 /* UsersModel.swift in Sources */,
				95B1C0C01FB3553C0030A0C3 /* FBViewController.swift in Sources */,
				95B1C0CE1FB372830030A0C3 /* FBLoginView.swift in Sources */,
				9533F1D01FACF9CD00FC12DE /* LoadingView.swift in Sources */,
				950C52761F9A895500AD308C /* InternetImageModel.swift in Sources */,
				95478E9E1FC5ADD900C00864 /* FBCurrentUser.swift in Sources */,
				95478E9C1FC5ADD900C00864 /* FBUser.swift in Sources */,
				95478EAD1FC5AE1F00C00864 /* ArrayModelChange.swift in Sources */,
				956A85E71F94FDA000292D21 /* Model.swift in Sources */,
				95070F311FA1D4E300B26BD7 /* FileManager+Extension.swift in Sources */,
				95478EAB1FC5AE1F00C00864 /* ArrayModelChangeInsert.swift in Sources */,
				95B04E2F1F95117100BE907C /* YSAppDelegate.swift in Sources */,
				950C52721F9A6ACA00AD308C /* ModelCache.swift in Sources */,
			);
			runOnlyForDeploymentPostprocessing = 0;
		};
/* End PBXSourcesBuildPhase section */

/* Begin XCBuildConfiguration section */
		956A85CF1F93D52200292D21 /* Debug */ = {
			isa = XCBuildConfiguration;
			buildSettings = {
				ALWAYS_SEARCH_USER_PATHS = NO;
				CLANG_ANALYZER_NONNULL = YES;
				CLANG_ANALYZER_NUMBER_OBJECT_CONVERSION = YES_AGGRESSIVE;
				CLANG_CXX_LANGUAGE_STANDARD = "gnu++14";
				CLANG_CXX_LIBRARY = "libc++";
				CLANG_ENABLE_MODULES = YES;
				CLANG_ENABLE_OBJC_ARC = YES;
				CLANG_WARN_BLOCK_CAPTURE_AUTORELEASING = YES;
				CLANG_WARN_BOOL_CONVERSION = YES;
				CLANG_WARN_COMMA = YES;
				CLANG_WARN_CONSTANT_CONVERSION = YES;
				CLANG_WARN_DIRECT_OBJC_ISA_USAGE = YES_ERROR;
				CLANG_WARN_DOCUMENTATION_COMMENTS = YES;
				CLANG_WARN_EMPTY_BODY = YES;
				CLANG_WARN_ENUM_CONVERSION = YES;
				CLANG_WARN_INFINITE_RECURSION = YES;
				CLANG_WARN_INT_CONVERSION = YES;
				CLANG_WARN_NON_LITERAL_NULL_CONVERSION = YES;
				CLANG_WARN_OBJC_LITERAL_CONVERSION = YES;
				CLANG_WARN_OBJC_ROOT_CLASS = YES_ERROR;
				CLANG_WARN_RANGE_LOOP_ANALYSIS = YES;
				CLANG_WARN_STRICT_PROTOTYPES = YES;
				CLANG_WARN_SUSPICIOUS_MOVE = YES;
				CLANG_WARN_UNGUARDED_AVAILABILITY = YES_AGGRESSIVE;
				CLANG_WARN_UNREACHABLE_CODE = YES;
				CLANG_WARN__DUPLICATE_METHOD_MATCH = YES;
				CODE_SIGN_IDENTITY = "iPhone Developer";
				COPY_PHASE_STRIP = NO;
				DEBUG_INFORMATION_FORMAT = dwarf;
				ENABLE_STRICT_OBJC_MSGSEND = YES;
				ENABLE_TESTABILITY = YES;
				GCC_C_LANGUAGE_STANDARD = gnu11;
				GCC_DYNAMIC_NO_PIC = NO;
				GCC_NO_COMMON_BLOCKS = YES;
				GCC_OPTIMIZATION_LEVEL = 0;
				GCC_PREPROCESSOR_DEFINITIONS = (
					"DEBUG=1",
					"$(inherited)",
				);
				GCC_WARN_64_TO_32_BIT_CONVERSION = YES;
				GCC_WARN_ABOUT_RETURN_TYPE = YES_ERROR;
				GCC_WARN_UNDECLARED_SELECTOR = YES;
				GCC_WARN_UNINITIALIZED_AUTOS = YES_AGGRESSIVE;
				GCC_WARN_UNUSED_FUNCTION = YES;
				GCC_WARN_UNUSED_VARIABLE = YES;
				IPHONEOS_DEPLOYMENT_TARGET = 11.0;
				MTL_ENABLE_DEBUG_INFO = YES;
				ONLY_ACTIVE_ARCH = YES;
				SDKROOT = iphoneos;
				SWIFT_ACTIVE_COMPILATION_CONDITIONS = DEBUG;
				SWIFT_OPTIMIZATION_LEVEL = "-Onone";
			};
			name = Debug;
		};
		956A85D01F93D52200292D21 /* Release */ = {
			isa = XCBuildConfiguration;
			buildSettings = {
				ALWAYS_SEARCH_USER_PATHS = NO;
				CLANG_ANALYZER_NONNULL = YES;
				CLANG_ANALYZER_NUMBER_OBJECT_CONVERSION = YES_AGGRESSIVE;
				CLANG_CXX_LANGUAGE_STANDARD = "gnu++14";
				CLANG_CXX_LIBRARY = "libc++";
				CLANG_ENABLE_MODULES = YES;
				CLANG_ENABLE_OBJC_ARC = YES;
				CLANG_WARN_BLOCK_CAPTURE_AUTORELEASING = YES;
				CLANG_WARN_BOOL_CONVERSION = YES;
				CLANG_WARN_COMMA = YES;
				CLANG_WARN_CONSTANT_CONVERSION = YES;
				CLANG_WARN_DIRECT_OBJC_ISA_USAGE = YES_ERROR;
				CLANG_WARN_DOCUMENTATION_COMMENTS = YES;
				CLANG_WARN_EMPTY_BODY = YES;
				CLANG_WARN_ENUM_CONVERSION = YES;
				CLANG_WARN_INFINITE_RECURSION = YES;
				CLANG_WARN_INT_CONVERSION = YES;
				CLANG_WARN_NON_LITERAL_NULL_CONVERSION = YES;
				CLANG_WARN_OBJC_LITERAL_CONVERSION = YES;
				CLANG_WARN_OBJC_ROOT_CLASS = YES_ERROR;
				CLANG_WARN_RANGE_LOOP_ANALYSIS = YES;
				CLANG_WARN_STRICT_PROTOTYPES = YES;
				CLANG_WARN_SUSPICIOUS_MOVE = YES;
				CLANG_WARN_UNGUARDED_AVAILABILITY = YES_AGGRESSIVE;
				CLANG_WARN_UNREACHABLE_CODE = YES;
				CLANG_WARN__DUPLICATE_METHOD_MATCH = YES;
				CODE_SIGN_IDENTITY = "iPhone Developer";
				COPY_PHASE_STRIP = NO;
				DEBUG_INFORMATION_FORMAT = "dwarf-with-dsym";
				ENABLE_NS_ASSERTIONS = NO;
				ENABLE_STRICT_OBJC_MSGSEND = YES;
				GCC_C_LANGUAGE_STANDARD = gnu11;
				GCC_NO_COMMON_BLOCKS = YES;
				GCC_WARN_64_TO_32_BIT_CONVERSION = YES;
				GCC_WARN_ABOUT_RETURN_TYPE = YES_ERROR;
				GCC_WARN_UNDECLARED_SELECTOR = YES;
				GCC_WARN_UNINITIALIZED_AUTOS = YES_AGGRESSIVE;
				GCC_WARN_UNUSED_FUNCTION = YES;
				GCC_WARN_UNUSED_VARIABLE = YES;
				IPHONEOS_DEPLOYMENT_TARGET = 11.0;
				MTL_ENABLE_DEBUG_INFO = NO;
				SDKROOT = iphoneos;
				SWIFT_OPTIMIZATION_LEVEL = "-Owholemodule";
				VALIDATE_PRODUCT = YES;
			};
			name = Release;
		};
		956A85D21F93D52200292D21 /* Debug */ = {
			isa = XCBuildConfiguration;
			baseConfigurationReference = 1FBA71BC3A55B96EC1562257 /* Pods-YSSwiftStudy.debug.xcconfig */;
			buildSettings = {
				ASSETCATALOG_COMPILER_APPICON_NAME = AppIcon;
				CLANG_ENABLE_MODULES = YES;
				CODE_SIGN_STYLE = Automatic;
				DEVELOPMENT_TEAM = "";
				INFOPLIST_FILE = YSSwiftStudy/Info.plist;
				LD_RUNPATH_SEARCH_PATHS = "$(inherited) @executable_path/Frameworks";
				PRODUCT_BUNDLE_IDENTIFIER = YS.YSSwiftStudy;
				PRODUCT_NAME = "$(TARGET_NAME)";
				SWIFT_OPTIMIZATION_LEVEL = "-Onone";
				SWIFT_VERSION = 4.0;
				TARGETED_DEVICE_FAMILY = "1,2";
			};
			name = Debug;
		};
		956A85D31F93D52200292D21 /* Release */ = {
			isa = XCBuildConfiguration;
			baseConfigurationReference = E5B1D94E1CB6F03921F833F4 /* Pods-YSSwiftStudy.release.xcconfig */;
			buildSettings = {
				ASSETCATALOG_COMPILER_APPICON_NAME = AppIcon;
				CLANG_ENABLE_MODULES = YES;
				CODE_SIGN_STYLE = Automatic;
				DEVELOPMENT_TEAM = "";
				INFOPLIST_FILE = YSSwiftStudy/Info.plist;
				LD_RUNPATH_SEARCH_PATHS = "$(inherited) @executable_path/Frameworks";
				PRODUCT_BUNDLE_IDENTIFIER = YS.YSSwiftStudy;
				PRODUCT_NAME = "$(TARGET_NAME)";
				SWIFT_VERSION = 4.0;
				TARGETED_DEVICE_FAMILY = "1,2";
			};
			name = Release;
		};
/* End XCBuildConfiguration section */

/* Begin XCConfigurationList section */
		956A85BA1F93D52200292D21 /* Build configuration list for PBXProject "YSSwiftStudy" */ = {
			isa = XCConfigurationList;
			buildConfigurations = (
				956A85CF1F93D52200292D21 /* Debug */,
				956A85D01F93D52200292D21 /* Release */,
			);
			defaultConfigurationIsVisible = 0;
			defaultConfigurationName = Release;
		};
		956A85D11F93D52200292D21 /* Build configuration list for PBXNativeTarget "YSSwiftStudy" */ = {
			isa = XCConfigurationList;
			buildConfigurations = (
				956A85D21F93D52200292D21 /* Debug */,
				956A85D31F93D52200292D21 /* Release */,
			);
			defaultConfigurationIsVisible = 0;
			defaultConfigurationName = Release;
		};
/* End XCConfigurationList section */
	};
	rootObject = 956A85B71F93D52200292D21 /* Project object */;
}
